
Microsoft Visual Studio Solution File, Format Version 12.00
# Visual Studio 2013
VisualStudioVersion = 12.0.31101.0
MinimumVisualStudioVersion = 10.0.40219.1
Project("{FAE04EC0-301F-11D3-BF4B-00C04F79EFBC}") = "Rosalia.Core", "Rosalia.Core\Rosalia.Core.csproj", "{EDD2B71B-404F-4E73-8833-2D74ACE77F8F}"
EndProject
Project("{FAE04EC0-301F-11D3-BF4B-00C04F79EFBC}") = "Rosalia.Core.Tests", "Rosalia.Core.Tests\Rosalia.Core.Tests.csproj", "{9F949343-DE42-40C3-9B05-0B1F53E32865}"
EndProject
Project("{FAE04EC0-301F-11D3-BF4B-00C04F79EFBC}") = "Rosalia.TestingSupport", "Rosalia.TestingSupport\Rosalia.TestingSupport.csproj", "{B56E1CED-EE5F-4D25-93B4-3D25A72AA9B0}"
EndProject
Project("{FAE04EC0-301F-11D3-BF4B-00C04F79EFBC}") = "Rosalia.FileSystem", "Rosalia.FileSystem\Rosalia.FileSystem.csproj", "{38B399DC-A34C-440B-8DAD-7F0A280F9531}"
EndProject
Global
	GlobalSection(SolutionConfigurationPlatforms) = preSolution
		Debug|Any CPU = Debug|Any CPU
		Release|Any CPU = Release|Any CPU
	EndGlobalSection
	GlobalSection(ProjectConfigurationPlatforms) = postSolution
		{EDD2B71B-404F-4E73-8833-2D74ACE77F8F}.Debug|Any CPU.ActiveCfg = Debug|Any CPU
		{EDD2B71B-404F-4E73-8833-2D74ACE77F8F}.Debug|Any CPU.Build.0 = Debug|Any CPU
		{EDD2B71B-404F-4E73-8833-2D74ACE77F8F}.Release|Any CPU.ActiveCfg = Release|Any CPU
		{EDD2B71B-404F-4E73-8833-2D74ACE77F8F}.Release|Any CPU.Build.0 = Release|Any CPU
		{9F949343-DE42-40C3-9B05-0B1F53E32865}.Debug|Any CPU.ActiveCfg = Debug|Any CPU
		{9F949343-DE42-40C3-9B05-0B1F53E32865}.Debug|Any CPU.Build.0 = Debug|Any CPU
		{9F949343-DE42-40C3-9B05-0B1F53E32865}.Release|Any CPU.ActiveCfg = Release|Any CPU
		{9F949343-DE42-40C3-9B05-0B1F53E32865}.Release|Any CPU.Build.0 = Release|Any CPU
		{B56E1CED-EE5F-4D25-93B4-3D25A72AA9B0}.Debug|Any CPU.ActiveCfg = Debug|Any CPU
		{B56E1CED-EE5F-4D25-93B4-3D25A72AA9B0}.Debug|Any CPU.Build.0 = Debug|Any CPU
		{B56E1CED-EE5F-4D25-93B4-3D25A72AA9B0}.Release|Any CPU.ActiveCfg = Release|Any CPU
		{B56E1CED-EE5F-4D25-93B4-3D25A72AA9B0}.Release|Any CPU.Build.0 = Release|Any CPU
		{38B399DC-A34C-440B-8DAD-7F0A280F9531}.Debug|Any CPU.ActiveCfg = Debug|Any CPU
		{38B399DC-A34C-440B-8DAD-7F0A280F9531}.Debug|Any CPU.Build.0 = Debug|Any CPU
		{38B399DC-A34C-440B-8DAD-7F0A280F9531}.Release|Any CPU.ActiveCfg = Release|Any CPU
		{38B399DC-A34C-440B-8DAD-7F0A280F9531}.Release|Any CPU.Build.0 = Release|Any CPU
	EndGlobalSection
	GlobalSection(SolutionProperties) = preSolution
		HideSolutionNode = FALSE
	EndGlobalSection
EndGlobal
